// !$*UTF8*$!
{
	archiveVersion = 1;
	classes = {
	};
	objectVersion = 45;
	objects = {

/* Begin PBXBuildFile section */
		1D60589B0D05DD56006BFB54 /* main.m in Sources */ = {isa = PBXBuildFile; fileRef = 29B97316FDCFA39411CA2CEA /* main.m */; };
		1D60589F0D05DD5A006BFB54 /* Foundation.framework in Frameworks */ = {isa = PBXBuildFile; fileRef = 1D30AB110D05D00D00671497 /* Foundation.framework */; };
		1DF5F4E00D08C38300B7A737 /* UIKit.framework in Frameworks */ = {isa = PBXBuildFile; fileRef = 1DF5F4DF0D08C38300B7A737 /* UIKit.framework */; };
		288765A50DF7441C002DB57D /* CoreGraphics.framework in Frameworks */ = {isa = PBXBuildFile; fileRef = 288765A40DF7441C002DB57D /* CoreGraphics.framework */; };
		884AA6B00FA7F97B008561BB /* LettersAppDelegate.m in Sources */ = {isa = PBXBuildFile; fileRef = 884AA6A70FA7F97B008561BB /* LettersAppDelegate.m */; };
		884AA6B10FA7F97B008561BB /* LettersViewController.m in Sources */ = {isa = PBXBuildFile; fileRef = 884AA6A90FA7F97B008561BB /* LettersViewController.m */; };
		884AA6B20FA7F97B008561BB /* Letter.m in Sources */ = {isa = PBXBuildFile; fileRef = 884AA6AB0FA7F97B008561BB /* Letter.m */; };
		884AA6B30FA7F97B008561BB /* LetterGroup.m in Sources */ = {isa = PBXBuildFile; fileRef = 884AA6AD0FA7F97B008561BB /* LetterGroup.m */; };
		884AA6B40FA7F97B008561BB /* LettersView.m in Sources */ = {isa = PBXBuildFile; fileRef = 884AA6AF0FA7F97B008561BB /* LettersView.m */; };
		884AA6BA0FA7F9A0008561BB /* Capitals.glyphset in Resources */ = {isa = PBXBuildFile; fileRef = 884AA6B50FA7F9A0008561BB /* Capitals.glyphset */; };
		884AA6BB0FA7F9A0008561BB /* Default.png in Resources */ = {isa = PBXBuildFile; fileRef = 884AA6B60FA7F9A0008561BB /* Default.png */; };
		884AA6BC0FA7F9A0008561BB /* Icon.png in Resources */ = {isa = PBXBuildFile; fileRef = 884AA6B70FA7F9A0008561BB /* Icon.png */; };
		884AA6BD0FA7F9A0008561BB /* LettersViewController.xib in Resources */ = {isa = PBXBuildFile; fileRef = 884AA6B80FA7F9A0008561BB /* LettersViewController.xib */; };
		884AA6BE0FA7F9A0008561BB /* MainWindow.xib in Resources */ = {isa = PBXBuildFile; fileRef = 884AA6B90FA7F9A0008561BB /* MainWindow.xib */; };
/* End PBXBuildFile section */

/* Begin PBXFileReference section */
		1D30AB110D05D00D00671497 /* Foundation.framework */ = {isa = PBXFileReference; lastKnownFileType = wrapper.framework; name = Foundation.framework; path = System/Library/Frameworks/Foundation.framework; sourceTree = SDKROOT; };
		1D6058910D05DD3D006BFB54 /* Letters.app */ = {isa = PBXFileReference; explicitFileType = wrapper.application; includeInIndex = 0; path = Letters.app; sourceTree = BUILT_PRODUCTS_DIR; };
		1DF5F4DF0D08C38300B7A737 /* UIKit.framework */ = {isa = PBXFileReference; lastKnownFileType = wrapper.framework; name = UIKit.framework; path = System/Library/Frameworks/UIKit.framework; sourceTree = SDKROOT; };
		288765A40DF7441C002DB57D /* CoreGraphics.framework */ = {isa = PBXFileReference; lastKnownFileType = wrapper.framework; name = CoreGraphics.framework; path = System/Library/Frameworks/CoreGraphics.framework; sourceTree = SDKROOT; };
		29B97316FDCFA39411CA2CEA /* main.m */ = {isa = PBXFileReference; fileEncoding = 4; lastKnownFileType = sourcecode.c.objc; path = main.m; sourceTree = "<group>"; };
		32CA4F630368D1EE00C91783 /* Letters_Prefix.pch */ = {isa = PBXFileReference; fileEncoding = 4; lastKnownFileType = sourcecode.c.h; path = Letters_Prefix.pch; sourceTree = "<group>"; };
		884AA6A60FA7F97B008561BB /* LettersAppDelegate.h */ = {isa = PBXFileReference; fileEncoding = 4; lastKnownFileType = sourcecode.c.h; path = LettersAppDelegate.h; sourceTree = "<group>"; };
		884AA6A70FA7F97B008561BB /* LettersAppDelegate.m */ = {isa = PBXFileReference; fileEncoding = 4; lastKnownFileType = sourcecode.c.objc; path = LettersAppDelegate.m; sourceTree = "<group>"; };
		884AA6A80FA7F97B008561BB /* LettersViewController.h */ = {isa = PBXFileReference; fileEncoding = 4; lastKnownFileType = sourcecode.c.h; path = LettersViewController.h; sourceTree = "<group>"; };
		884AA6A90FA7F97B008561BB /* LettersViewController.m */ = {isa = PBXFileReference; fileEncoding = 4; lastKnownFileType = sourcecode.c.objc; path = LettersViewController.m; sourceTree = "<group>"; };
		884AA6AA0FA7F97B008561BB /* Letter.h */ = {isa = PBXFileReference; fileEncoding = 4; lastKnownFileType = sourcecode.c.h; path = Letter.h; sourceTree = "<group>"; };
		884AA6AB0FA7F97B008561BB /* Letter.m */ = {isa = PBXFileReference; fileEncoding = 4; lastKnownFileType = sourcecode.c.objc; path = Letter.m; sourceTree = "<group>"; };
		884AA6AC0FA7F97B008561BB /* LetterGroup.h */ = {isa = PBXFileReference; fileEncoding = 4; lastKnownFileType = sourcecode.c.h; path = LetterGroup.h; sourceTree = "<group>"; };
		884AA6AD0FA7F97B008561BB /* LetterGroup.m */ = {isa = PBXFileReference; fileEncoding = 4; lastKnownFileType = sourcecode.c.objc; path = LetterGroup.m; sourceTree = "<group>"; };
		884AA6AE0FA7F97B008561BB /* LettersView.h */ = {isa = PBXFileReference; fileEncoding = 4; lastKnownFileType = sourcecode.c.h; path = LettersView.h; sourceTree = "<group>"; };
		884AA6AF0FA7F97B008561BB /* LettersView.m */ = {isa = PBXFileReference; fileEncoding = 4; lastKnownFileType = sourcecode.c.objc; path = LettersView.m; sourceTree = "<group>"; };
		884AA6B50FA7F9A0008561BB /* Capitals.glyphset */ = {isa = PBXFileReference; fileEncoding = 4; lastKnownFileType = text; path = Capitals.glyphset; sourceTree = "<group>"; };
		884AA6B60FA7F9A0008561BB /* Default.png */ = {isa = PBXFileReference; lastKnownFileType = image.png; path = Default.png; sourceTree = "<group>"; };
		884AA6B70FA7F9A0008561BB /* Icon.png */ = {isa = PBXFileReference; lastKnownFileType = image.png; path = Icon.png; sourceTree = "<group>"; };
		884AA6B80FA7F9A0008561BB /* LettersViewController.xib */ = {isa = PBXFileReference; lastKnownFileType = file.xib; path = LettersViewController.xib; sourceTree = "<group>"; };
		884AA6B90FA7F9A0008561BB /* MainWindow.xib */ = {isa = PBXFileReference; lastKnownFileType = file.xib; path = MainWindow.xib; sourceTree = "<group>"; };
		8D1107310486CEB800E47090 /* Info.plist */ = {isa = PBXFileReference; fileEncoding = 4; lastKnownFileType = text.plist.xml; path = Info.plist; sourceTree = "<group>"; };
/* End PBXFileReference section */

/* Begin PBXFrameworksBuildPhase section */
		1D60588F0D05DD3D006BFB54 /* Frameworks */ = {
			isa = PBXFrameworksBuildPhase;
			buildActionMask = 2147483647;
			files = (
				1D60589F0D05DD5A006BFB54 /* Foundation.framework in Frameworks */,
				1DF5F4E00D08C38300B7A737 /* UIKit.framework in Frameworks */,
				288765A50DF7441C002DB57D /* CoreGraphics.framework in Frameworks */,
			);
			runOnlyForDeploymentPostprocessing = 0;
		};
/* End PBXFrameworksBuildPhase section */

/* Begin PBXGroup section */
		080E96DDFE201D6D7F000001 /* Classes */ = {
			isa = PBXGroup;
			children = (
				884AA6A60FA7F97B008561BB /* LettersAppDelegate.h */,
				884AA6A70FA7F97B008561BB /* LettersAppDelegate.m */,
				884AA6A80FA7F97B008561BB /* LettersViewController.h */,
				884AA6A90FA7F97B008561BB /* LettersViewController.m */,
				884AA6AA0FA7F97B008561BB /* Letter.h */,
				884AA6AB0FA7F97B008561BB /* Letter.m */,
				884AA6AC0FA7F97B008561BB /* LetterGroup.h */,
				884AA6AD0FA7F97B008561BB /* LetterGroup.m */,
				884AA6AE0FA7F97B008561BB /* LettersView.h */,
				884AA6AF0FA7F97B008561BB /* LettersView.m */,
			);
			path = Classes;
			sourceTree = "<group>";
		};
		19C28FACFE9D520D11CA2CBB /* Products */ = {
			isa = PBXGroup;
			children = (
				1D6058910D05DD3D006BFB54 /* Letters.app */,
			);
			name = Products;
			sourceTree = "<group>";
		};
		29B97314FDCFA39411CA2CEA /* CustomTemplate */ = {
			isa = PBXGroup;
			children = (
				080E96DDFE201D6D7F000001 /* Classes */,
				29B97315FDCFA39411CA2CEA /* Other Sources */,
				29B97317FDCFA39411CA2CEA /* Resources */,
				29B97323FDCFA39411CA2CEA /* Frameworks */,
				19C28FACFE9D520D11CA2CBB /* Products */,
			);
			name = CustomTemplate;
			sourceTree = "<group>";
		};
		29B97315FDCFA39411CA2CEA /* Other Sources */ = {
			isa = PBXGroup;
			children = (
				32CA4F630368D1EE00C91783 /* Letters_Prefix.pch */,
				29B97316FDCFA39411CA2CEA /* main.m */,
			);
			name = "Other Sources";
			sourceTree = "<group>";
		};
		29B97317FDCFA39411CA2CEA /* Resources */ = {
			isa = PBXGroup;
			children = (
				884AA6B50FA7F9A0008561BB /* Capitals.glyphset */,
				884AA6B60FA7F9A0008561BB /* Default.png */,
				884AA6B70FA7F9A0008561BB /* Icon.png */,
				884AA6B80FA7F9A0008561BB /* LettersViewController.xib */,
				884AA6B90FA7F9A0008561BB /* MainWindow.xib */,
				8D1107310486CEB800E47090 /* Info.plist */,
			);
			name = Resources;
			sourceTree = "<group>";
		};
		29B97323FDCFA39411CA2CEA /* Frameworks */ = {
			isa = PBXGroup;
			children = (
				1DF5F4DF0D08C38300B7A737 /* UIKit.framework */,
				1D30AB110D05D00D00671497 /* Foundation.framework */,
				288765A40DF7441C002DB57D /* CoreGraphics.framework */,
			);
			name = Frameworks;
			sourceTree = "<group>";
		};
/* End PBXGroup section */

/* Begin PBXNativeTarget section */
		1D6058900D05DD3D006BFB54 /* Letters */ = {
			isa = PBXNativeTarget;
			buildConfigurationList = 1D6058960D05DD3E006BFB54 /* Build configuration list for PBXNativeTarget "Letters" */;
			buildPhases = (
				1D60588D0D05DD3D006BFB54 /* Resources */,
				1D60588E0D05DD3D006BFB54 /* Sources */,
				1D60588F0D05DD3D006BFB54 /* Frameworks */,
			);
			buildRules = (
			);
			dependencies = (
			);
			name = Letters;
			productName = Letters;
			productReference = 1D6058910D05DD3D006BFB54 /* Letters.app */;
			productType = "com.apple.product-type.application";
		};
/* End PBXNativeTarget section */

/* Begin PBXProject section */
		29B97313FDCFA39411CA2CEA /* Project object */ = {
			isa = PBXProject;
			buildConfigurationList = C01FCF4E08A954540054247B /* Build configuration list for PBXProject "Letters" */;
			compatibilityVersion = "Xcode 3.1";
			hasScannedForEncodings = 1;
			mainGroup = 29B97314FDCFA39411CA2CEA /* CustomTemplate */;
			projectDirPath = "";
			projectRoot = "";
			targets = (
				1D6058900D05DD3D006BFB54 /* Letters */,
			);
		};
/* End PBXProject section */

/* Begin PBXResourcesBuildPhase section */
		1D60588D0D05DD3D006BFB54 /* Resources */ = {
			isa = PBXResourcesBuildPhase;
			buildActionMask = 2147483647;
			files = (
				884AA6BA0FA7F9A0008561BB /* Capitals.glyphset in Resources */,
				884AA6BB0FA7F9A0008561BB /* Default.png in Resources */,
				884AA6BC0FA7F9A0008561BB /* Icon.png in Resources */,
				884AA6BD0FA7F9A0008561BB /* LettersViewController.xib in Resources */,
				884AA6BE0FA7F9A0008561BB /* MainWindow.xib in Resources */,
			);
			runOnlyForDeploymentPostprocessing = 0;
		};
/* End PBXResourcesBuildPhase section */

/* Begin PBXSourcesBuildPhase section */
		1D60588E0D05DD3D006BFB54 /* Sources */ = {
			isa = PBXSourcesBuildPhase;
			buildActionMask = 2147483647;
			files = (
				1D60589B0D05DD56006BFB54 /* main.m in Sources */,
				884AA6B00FA7F97B008561BB /* LettersAppDelegate.m in Sources */,
				884AA6B10FA7F97B008561BB /* LettersViewController.m in Sources */,
				884AA6B20FA7F97B008561BB /* Letter.m in Sources */,
				884AA6B30FA7F97B008561BB /* LetterGroup.m in Sources */,
				884AA6B40FA7F97B008561BB /* LettersView.m in Sources */,
			);
			runOnlyForDeploymentPostprocessing = 0;
		};
/* End PBXSourcesBuildPhase section */

/* Begin XCBuildConfiguration section */
		1D6058940D05DD3E006BFB54 /* Debug */ = {
			isa = XCBuildConfiguration;
			buildSettings = {
				ALWAYS_SEARCH_USER_PATHS = NO;
				COPY_PHASE_STRIP = NO;
				GCC_DYNAMIC_NO_PIC = NO;
				GCC_OPTIMIZATION_LEVEL = 0;
				GCC_PRECOMPILE_PREFIX_HEADER = YES;
				GCC_PREFIX_HEADER = Letters_Prefix.pch;
				INFOPLIST_FILE = Info.plist;
				PRODUCT_NAME = Letters;
			};
			name = Debug;
		};
		1D6058950D05DD3E006BFB54 /* Release */ = {
			isa = XCBuildConfiguration;
			buildSettings = {
				ALWAYS_SEARCH_USER_PATHS = NO;
				COPY_PHASE_STRIP = YES;
				GCC_PRECOMPILE_PREFIX_HEADER = YES;
				GCC_PREFIX_HEADER = Letters_Prefix.pch;
				INFOPLIST_FILE = Info.plist;
				PRODUCT_NAME = Letters;
			};
			name = Release;
		};
		880021F90FC3417B0056CE42 /* Distribution */ = {
			isa = XCBuildConfiguration;
			buildSettings = {
				ARCHS = "$(ARCHS_STANDARD_32_BIT)";
				"CODE_SIGN_IDENTITY[sdk=iphoneos*]" = "iPhone Distribution: Jesse Grosjean";
				GCC_C_LANGUAGE_STANDARD = c99;
				GCC_WARN_ABOUT_RETURN_TYPE = YES;
				GCC_WARN_UNUSED_VARIABLE = YES;
				PREBINDING = NO;
				"PROVISIONING_PROFILE[sdk=iphoneos*]" = "006BCAB3-25D5-4E1B-8DC9-BC2324ADF607";
				SDKROOT = iphoneos3.0;
			};
			name = Distribution;
		};
		880021FA0FC3417B0056CE42 /* Distribution */ = {
			isa = XCBuildConfiguration;
			buildSettings = {
				ALWAYS_SEARCH_USER_PATHS = NO;
				COPY_PHASE_STRIP = YES;
				GCC_PRECOMPILE_PREFIX_HEADER = YES;
				GCC_PREFIX_HEADER = Letters_Prefix.pch;
				INFOPLIST_FILE = Info.plist;
				PRODUCT_NAME = Letters;
			};
			name = Distribution;
		};
		C01FCF4F08A954540054247B /* Debug */ = {
			isa = XCBuildConfiguration;
			buildSettings = {
				ARCHS = "$(ARCHS_STANDARD_32_BIT)";
				"CODE_SIGN_IDENTITY[sdk=iphoneos*]" = "iPhone Developer";
				GCC_C_LANGUAGE_STANDARD = c99;
				GCC_WARN_ABOUT_RETURN_TYPE = YES;
				GCC_WARN_UNUSED_VARIABLE = YES;
				ONLY_ACTIVE_ARCH = YES;
				PREBINDING = NO;
				SDKROOT = iphoneos3.0;
			};
			name = Debug;
		};
		C01FCF5008A954540054247B /* Release */ = {
			isa = XCBuildConfiguration;
			buildSettings = {
				ARCHS = "$(ARCHS_STANDARD_32_BIT)";
				"CODE_SIGN_IDENTITY[sdk=iphoneos*]" = "iPhone Developer";
				GCC_C_LANGUAGE_STANDARD = c99;
				GCC_WARN_ABOUT_RETURN_TYPE = YES;
				GCC_WARN_UNUSED_VARIABLE = YES;
				PREBINDING = NO;
				SDKROOT = iphoneos3.0;
			};
			name = Release;
		};
/* End XCBuildConfiguration section */

/* Begin XCConfigurationList section */
		1D6058960D05DD3E006BFB54 /* Build configuration list for PBXNativeTarget "Letters" */ = {
			isa = XCConfigurationList;
			buildConfigurations = (
				1D6058940D05DD3E006BFB54 /* Debug */,
				1D6058950D05DD3E006BFB54 /* Release */,
				880021FA0FC3417B0056CE42 /* Distribution */,
			);
			defaultConfigurationIsVisible = 0;
			defaultConfigurationName = Release;
		};
		C01FCF4E08A954540054247B /* Build configuration list for PBXProject "Letters" */ = {
			isa = XCConfigurationList;
			buildConfigurations = (
				C01FCF4F08A954540054247B /* Debug */,
				C01FCF5008A954540054247B /* Release */,
				880021F90FC3417B0056CE42 /* Distribution */,
			);
			defaultConfigurationIsVisible = 0;
			defaultConfigurationName = Release;
		};
/* End XCConfigurationList section */
	};
	rootObject = 29B97313FDCFA39411CA2CEA /* Project object */;
}
